
Microsoft Visual Studio Solution File, Format Version 12.00
# Visual Studio Version 16
VisualStudioVersion = 16.0.29728.190
MinimumVisualStudioVersion = 10.0.40219.1
Project("{FAE04EC0-301F-11D3-BF4B-00C04F79EFBC}") = "Hangman", "Hangman\Hangman.csproj", "{BD7E98FE-9F97-43E1-8717-1F7131EB785E}"
EndProject
Project("{FAE04EC0-301F-11D3-BF4B-00C04F79EFBC}") = "Minesweeper", "Minesweeper\Minesweeper.csproj", "{45434E4E-2B2A-454A-8856-C75D7B4760F7}"
EndProject
Project("{FAE04EC0-301F-11D3-BF4B-00C04F79EFBC}") = "HangmanWindowsForms", "DemoWindowsForms\HangmanWindowsForms.csproj", "{34724CCE-3C3D-47E8-9096-CEC606AD9EAE}"
EndProject
Global
	GlobalSection(SolutionConfigurationPlatforms) = preSolution
		Debug|Any CPU = Debug|Any CPU
		Release|Any CPU = Release|Any CPU
	EndGlobalSection
	GlobalSection(ProjectConfigurationPlatforms) = postSolution
		{BD7E98FE-9F97-43E1-8717-1F7131EB785E}.Debug|Any CPU.ActiveCfg = Debug|Any CPU
		{BD7E98FE-9F97-43E1-8717-1F7131EB785E}.Debug|Any CPU.Build.0 = Debug|Any CPU
		{BD7E98FE-9F97-43E1-8717-1F7131EB785E}.Release|Any CPU.ActiveCfg = Release|Any CPU
		{BD7E98FE-9F97-43E1-8717-1F7131EB785E}.Release|Any CPU.Build.0 = Release|Any CPU
		{45434E4E-2B2A-454A-8856-C75D7B4760F7}.Debug|Any CPU.ActiveCfg = Debug|Any CPU
		{45434E4E-2B2A-454A-8856-C75D7B4760F7}.Debug|Any CPU.Build.0 = Debug|Any CPU
		{45434E4E-2B2A-454A-8856-C75D7B4760F7}.Release|Any CPU.ActiveCfg = Release|Any CPU
		{45434E4E-2B2A-454A-8856-C75D7B4760F7}.Release|Any CPU.Build.0 = Release|Any CPU
		{34724CCE-3C3D-47E8-9096-CEC606AD9EAE}.Debug|Any CPU.ActiveCfg = Debug|Any CPU
		{34724CCE-3C3D-47E8-9096-CEC606AD9EAE}.Debug|Any CPU.Build.0 = Debug|Any CPU
		{34724CCE-3C3D-47E8-9096-CEC606AD9EAE}.Release|Any CPU.ActiveCfg = Release|Any CPU
		{34724CCE-3C3D-47E8-9096-CEC606AD9EAE}.Release|Any CPU.Build.0 = Release|Any CPU
	EndGlobalSection
	GlobalSection(SolutionProperties) = preSolution
		HideSolutionNode = FALSE
	EndGlobalSection
	GlobalSection(ExtensibilityGlobals) = postSolution
		SolutionGuid = {28220787-6658-4A35-A6FC-D40A94D3672C}
	EndGlobalSection
EndGlobal
